// !$*UTF8*$!
{
	archiveVersion = 1;
	classes = {
	};
	objectVersion = 46;
	objects = {

/* Begin PBXBuildFile section */
		2351857B1BC4948F0047EFA5 /* main.m in Sources */ = {isa = PBXBuildFile; fileRef = 2351857A1BC4948F0047EFA5 /* main.m */; };
		2351857E1BC4948F0047EFA5 /* AppDelegate.m in Sources */ = {isa = PBXBuildFile; fileRef = 2351857D1BC4948F0047EFA5 /* AppDelegate.m */; };
		235185811BC4948F0047EFA5 /* MainViewController.m in Sources */ = {isa = PBXBuildFile; fileRef = 235185801BC4948F0047EFA5 /* MainViewController.m */; };
		235185841BC4948F0047EFA5 /* Main.storyboard in Resources */ = {isa = PBXBuildFile; fileRef = 235185821BC4948F0047EFA5 /* Main.storyboard */; };
		235185861BC4948F0047EFA5 /* Assets.xcassets in Resources */ = {isa = PBXBuildFile; fileRef = 235185851BC4948F0047EFA5 /* Assets.xcassets */; };
		235185891BC4948F0047EFA5 /* LaunchScreen.storyboard in Resources */ = {isa = PBXBuildFile; fileRef = 235185871BC4948F0047EFA5 /* LaunchScreen.storyboard */; };
		235185951BC4AA4B0047EFA5 /* HistoryViewController.m in Sources */ = {isa = PBXBuildFile; fileRef = 235185941BC4AA4B0047EFA5 /* HistoryViewController.m */; settings = {ASSET_TAGS = (); }; };
/* End PBXBuildFile section */

/* Begin PBXFileReference section */
		235185761BC4948F0047EFA5 /* ProteinTracker.app */ = {isa = PBXFileReference; explicitFileType = wrapper.application; includeInIndex = 0; path = ProteinTracker.app; sourceTree = BUILT_PRODUCTS_DIR; };
		2351857A1BC4948F0047EFA5 /* main.m */ = {isa = PBXFileReference; lastKnownFileType = sourcecode.c.objc; path = main.m; sourceTree = "<group>"; };
		2351857C1BC4948F0047EFA5 /* AppDelegate.h */ = {isa = PBXFileReference; lastKnownFileType = sourcecode.c.h; path = AppDelegate.h; sourceTree = "<group>"; };
		2351857D1BC4948F0047EFA5 /* AppDelegate.m */ = {isa = PBXFileReference; lastKnownFileType = sourcecode.c.objc; path = AppDelegate.m; sourceTree = "<group>"; };
		2351857F1BC4948F0047EFA5 /* MainViewController.h */ = {isa = PBXFileReference; lastKnownFileType = sourcecode.c.h; path = MainViewController.h; sourceTree = "<group>"; };
		235185801BC4948F0047EFA5 /* MainViewController.m */ = {isa = PBXFileReference; lastKnownFileType = sourcecode.c.objc; path = MainViewController.m; sourceTree = "<group>"; };
		235185831BC4948F0047EFA5 /* Base */ = {isa = PBXFileReference; lastKnownFileType = file.storyboard; name = Base; path = Base.lproj/Main.storyboard; sourceTree = "<group>"; };
		235185851BC4948F0047EFA5 /* Assets.xcassets */ = {isa = PBXFileReference; lastKnownFileType = folder.assetcatalog; path = Assets.xcassets; sourceTree = "<group>"; };
		235185881BC4948F0047EFA5 /* Base */ = {isa = PBXFileReference; lastKnownFileType = file.storyboard; name = Base; path = Base.lproj/LaunchScreen.storyboard; sourceTree = "<group>"; };
		2351858A1BC4948F0047EFA5 /* Info.plist */ = {isa = PBXFileReference; lastKnownFileType = text.plist.xml; path = Info.plist; sourceTree = "<group>"; };
		235185931BC4AA4B0047EFA5 /* HistoryViewController.h */ = {isa = PBXFileReference; fileEncoding = 4; lastKnownFileType = sourcecode.c.h; name = HistoryViewController.h; path = ../HistoryViewController.h; sourceTree = "<group>"; };
		235185941BC4AA4B0047EFA5 /* HistoryViewController.m */ = {isa = PBXFileReference; fileEncoding = 4; lastKnownFileType = sourcecode.c.objc; name = HistoryViewController.m; path = ../HistoryViewController.m; sourceTree = "<group>"; };
/* End PBXFileReference section */

/* Begin PBXFrameworksBuildPhase section */
		235185731BC4948F0047EFA5 /* Frameworks */ = {
			isa = PBXFrameworksBuildPhase;
			buildActionMask = 2147483647;
			files = (
			);
			runOnlyForDeploymentPostprocessing = 0;
		};
/* End PBXFrameworksBuildPhase section */

/* Begin PBXGroup section */
		2351856D1BC4948F0047EFA5 = {
			isa = PBXGroup;
			children = (
				235185781BC4948F0047EFA5 /* ProteinTracker */,
				235185771BC4948F0047EFA5 /* Products */,
			);
			sourceTree = "<group>";
		};
		235185771BC4948F0047EFA5 /* Products */ = {
			isa = PBXGroup;
			children = (
				235185761BC4948F0047EFA5 /* ProteinTracker.app */,
			);
			name = Products;
			sourceTree = "<group>";
		};
		235185781BC4948F0047EFA5 /* ProteinTracker */ = {
			isa = PBXGroup;
			children = (
				235185931BC4AA4B0047EFA5 /* HistoryViewController.h */,
				235185941BC4AA4B0047EFA5 /* HistoryViewController.m */,
				2351857C1BC4948F0047EFA5 /* AppDelegate.h */,
				2351857D1BC4948F0047EFA5 /* AppDelegate.m */,
				2351857F1BC4948F0047EFA5 /* MainViewController.h */,
				235185801BC4948F0047EFA5 /* MainViewController.m */,
				235185821BC4948F0047EFA5 /* Main.storyboard */,
				235185851BC4948F0047EFA5 /* Assets.xcassets */,
				235185871BC4948F0047EFA5 /* LaunchScreen.storyboard */,
				2351858A1BC4948F0047EFA5 /* Info.plist */,
				235185791BC4948F0047EFA5 /* Supporting Files */,
			);
			path = ProteinTracker;
			sourceTree = "<group>";
		};
		235185791BC4948F0047EFA5 /* Supporting Files */ = {
			isa = PBXGroup;
			children = (
				2351857A1BC4948F0047EFA5 /* main.m */,
			);
			name = "Supporting Files";
			sourceTree = "<group>";
		};
/* End PBXGroup section */

/* Begin PBXNativeTarget section */
		235185751BC4948F0047EFA5 /* ProteinTracker */ = {
			isa = PBXNativeTarget;
			buildConfigurationList = 2351858D1BC4948F0047EFA5 /* Build configuration list for PBXNativeTarget "ProteinTracker" */;
			buildPhases = (
				235185721BC4948F0047EFA5 /* Sources */,
				235185731BC4948F0047EFA5 /* Frameworks */,
				235185741BC4948F0047EFA5 /* Resources */,
			);
			buildRules = (
			);
			dependencies = (
			);
			name = ProteinTracker;
			productName = ProteinTracker;
			productReference = 235185761BC4948F0047EFA5 /* ProteinTracker.app */;
			productType = "com.apple.product-type.application";
		};
/* End PBXNativeTarget section */

/* Begin PBXProject section */
		2351856E1BC4948F0047EFA5 /* Project object */ = {
			isa = PBXProject;
			attributes = {
				LastUpgradeCheck = 0700;
				ORGANIZATIONNAME = myorg;
				TargetAttributes = {
					235185751BC4948F0047EFA5 = {
						CreatedOnToolsVersion = 7.0.1;
					};
				};
			};
			buildConfigurationList = 235185711BC4948F0047EFA5 /* Build configuration list for PBXProject "ProteinTracker" */;
			compatibilityVersion = "Xcode 3.2";
			developmentRegion = English;
			hasScannedForEncodings = 0;
			knownRegions = (
				en,
				Base,
			);
			mainGroup = 2351856D1BC4948F0047EFA5;
			productRefGroup = 235185771BC4948F0047EFA5 /* Products */;
			projectDirPath = "";
			projectRoot = "";
			targets = (
				235185751BC4948F0047EFA5 /* ProteinTracker */,
			);
		};
/* End PBXProject section */

/* Begin PBXResourcesBuildPhase section */
		235185741BC4948F0047EFA5 /* Resources */ = {
			isa = PBXResourcesBuildPhase;
			buildActionMask = 2147483647;
			files = (
				235185891BC4948F0047EFA5 /* LaunchScreen.storyboard in Resources */,
				235185861BC4948F0047EFA5 /* Assets.xcassets in Resources */,
				235185841BC4948F0047EFA5 /* Main.storyboard in Resources */,
			);
			runOnlyForDeploymentPostprocessing = 0;
		};
/* End PBXResourcesBuildPhase section */

/* Begin PBXSourcesBuildPhase section */
		235185721BC4948F0047EFA5 /* Sources */ = {
			isa = PBXSourcesBuildPhase;
			buildActionMask = 2147483647;
			files = (
				235185811BC4948F0047EFA5 /* MainViewController.m in Sources */,
				2351857E1BC4948F0047EFA5 /* AppDelegate.m in Sources */,
				2351857B1BC4948F0047EFA5 /* main.m in Sources */,
				235185951BC4AA4B0047EFA5 /* HistoryViewController.m in Sources */,
			);
			runOnlyForDeploymentPostprocessing = 0;
		};
/* End PBXSourcesBuildPhase section */

/* Begin PBXVariantGroup section */
		235185821BC4948F0047EFA5 /* Main.storyboard */ = {
			isa = PBXVariantGroup;
			children = (
				235185831BC4948F0047EFA5 /* Base */,
			);
			name = Main.storyboard;
			sourceTree = "<group>";
		};
		235185871BC4948F0047EFA5 /* LaunchScreen.storyboard */ = {
			isa = PBXVariantGroup;
			children = (
				235185881BC4948F0047EFA5 /* Base */,
			);
			name = LaunchScreen.storyboard;
			sourceTree = "<group>";
		};
/* End PBXVariantGroup section */

/* Begin XCBuildConfiguration section */
		2351858B1BC4948F0047EFA5 /* Debug */ = {
			isa = XCBuildConfiguration;
			buildSettings = {
				ALWAYS_SEARCH_USER_PATHS = NO;
				CLANG_CXX_LANGUAGE_STANDARD = "gnu++0x";
				CLANG_CXX_LIBRARY = "libc++";
				CLANG_ENABLE_MODULES = YES;
				CLANG_ENABLE_OBJC_ARC = YES;
				CLANG_WARN_BOOL_CONVERSION = YES;
				CLANG_WARN_CONSTANT_CONVERSION = YES;
				CLANG_WARN_DIRECT_OBJC_ISA_USAGE = YES_ERROR;
				CLANG_WARN_EMPTY_BODY = YES;
				CLANG_WARN_ENUM_CONVERSION = YES;
				CLANG_WARN_INT_CONVERSION = YES;
				CLANG_WARN_OBJC_ROOT_CLASS = YES_ERROR;
				CLANG_WARN_UNREACHABLE_CODE = YES;
				CLANG_WARN__DUPLICATE_METHOD_MATCH = YES;
				"CODE_SIGN_IDENTITY[sdk=iphoneos*]" = "iPhone Developer";
				COPY_PHASE_STRIP = NO;
				DEBUG_INFORMATION_FORMAT = dwarf;
				ENABLE_STRICT_OBJC_MSGSEND = YES;
				ENABLE_TESTABILITY = YES;
				GCC_C_LANGUAGE_STANDARD = gnu99;
				GCC_DYNAMIC_NO_PIC = NO;
				GCC_NO_COMMON_BLOCKS = YES;
				GCC_OPTIMIZATION_LEVEL = 0;
				GCC_PREPROCESSOR_DEFINITIONS = (
					"DEBUG=1",
					"$(inherited)",
				);
				GCC_WARN_64_TO_32_BIT_CONVERSION = YES;
				GCC_WARN_ABOUT_RETURN_TYPE = YES_ERROR;
				GCC_WARN_UNDECLARED_SELECTOR = YES;
				GCC_WARN_UNINITIALIZED_AUTOS = YES_AGGRESSIVE;
				GCC_WARN_UNUSED_FUNCTION = YES;
				GCC_WARN_UNUSED_VARIABLE = YES;
				IPHONEOS_DEPLOYMENT_TARGET = 9.0;
				MTL_ENABLE_DEBUG_INFO = YES;
				ONLY_ACTIVE_ARCH = YES;
				SDKROOT = iphoneos;
			};
			name = Debug;
		};
		2351858C1BC4948F0047EFA5 /* Release */ = {
			isa = XCBuildConfiguration;
			buildSettings = {
				ALWAYS_SEARCH_USER_PATHS = NO;
				CLANG_CXX_LANGUAGE_STANDARD = "gnu++0x";
				CLANG_CXX_LIBRARY = "libc++";
				CLANG_ENABLE_MODULES = YES;
				CLANG_ENABLE_OBJC_ARC = YES;
				CLANG_WARN_BOOL_CONVERSION = YES;
				CLANG_WARN_CONSTANT_CONVERSION = YES;
				CLANG_WARN_DIRECT_OBJC_ISA_USAGE = YES_ERROR;
				CLANG_WARN_EMPTY_BODY = YES;
				CLANG_WARN_ENUM_CONVERSION = YES;
				CLANG_WARN_INT_CONVERSION = YES;
				CLANG_WARN_OBJC_ROOT_CLASS = YES_ERROR;
				CLANG_WARN_UNREACHABLE_CODE = YES;
				CLANG_WARN__DUPLICATE_METHOD_MATCH = YES;
				"CODE_SIGN_IDENTITY[sdk=iphoneos*]" = "iPhone Developer";
				COPY_PHASE_STRIP = NO;
				DEBUG_INFORMATION_FORMAT = "dwarf-with-dsym";
				ENABLE_NS_ASSERTIONS = NO;
				ENABLE_STRICT_OBJC_MSGSEND = YES;
				GCC_C_LANGUAGE_STANDARD = gnu99;
				GCC_NO_COMMON_BLOCKS = YES;
				GCC_WARN_64_TO_32_BIT_CONVERSION = YES;
				GCC_WARN_ABOUT_RETURN_TYPE = YES_ERROR;
				GCC_WARN_UNDECLARED_SELECTOR = YES;
				GCC_WARN_UNINITIALIZED_AUTOS = YES_AGGRESSIVE;
				GCC_WARN_UNUSED_FUNCTION = YES;
				GCC_WARN_UNUSED_VARIABLE = YES;
				IPHONEOS_DEPLOYMENT_TARGET = 9.0;
				MTL_ENABLE_DEBUG_INFO = NO;
				SDKROOT = iphoneos;
				VALIDATE_PRODUCT = YES;
			};
			name = Release;
		};
		2351858E1BC4948F0047EFA5 /* Debug */ = {
			isa = XCBuildConfiguration;
			buildSettings = {
				ASSETCATALOG_COMPILER_APPICON_NAME = AppIcon;
				INFOPLIST_FILE = ProteinTracker/Info.plist;
				LD_RUNPATH_SEARCH_PATHS = "$(inherited) @executable_path/Frameworks";
				PRODUCT_BUNDLE_IDENTIFIER = com.google.www.ProteinTracker;
				PRODUCT_NAME = "$(TARGET_NAME)";
			};
			name = Debug;
		};
		2351858F1BC4948F0047EFA5 /* Release */ = {
			isa = XCBuildConfiguration;
			buildSettings = {
				ASSETCATALOG_COMPILER_APPICON_NAME = AppIcon;
				INFOPLIST_FILE = ProteinTracker/Info.plist;
				LD_RUNPATH_SEARCH_PATHS = "$(inherited) @executable_path/Frameworks";
				PRODUCT_BUNDLE_IDENTIFIER = com.google.www.ProteinTracker;
				PRODUCT_NAME = "$(TARGET_NAME)";
			};
			name = Release;
		};
/* End XCBuildConfiguration section */

/* Begin XCConfigurationList section */
		235185711BC4948F0047EFA5 /* Build configuration list for PBXProject "ProteinTracker" */ = {
			isa = XCConfigurationList;
			buildConfigurations = (
				2351858B1BC4948F0047EFA5 /* Debug */,
				2351858C1BC4948F0047EFA5 /* Release */,
			);
			defaultConfigurationIsVisible = 0;
			defaultConfigurationName = Release;
		};
		2351858D1BC4948F0047EFA5 /* Build configuration list for PBXNativeTarget "ProteinTracker" */ = {
			isa = XCConfigurationList;
			buildConfigurations = (
				2351858E1BC4948F0047EFA5 /* Debug */,
				2351858F1BC4948F0047EFA5 /* Release */,
			);
			defaultConfigurationIsVisible = 0;
		};
/* End XCConfigurationList section */
	};
	rootObject = 2351856E1BC4948F0047EFA5 /* Project object */;
}
